{
  "name": "ai-remote",
  "lockfileVersion": 2,
  "requires": true,
  "packages": {
    "": {
      "dependencies": {
        "@supabase/supabase-js": "npm:null@*",
        "axios": "npm:null@*",
        "dotenv": "npm:null@*",
        "fs-extra": "npm:null@*",
        "telegraf": "npm:null@*"
      }
    },
    "node_modules/@supabase/supabase-js": {},
    "node_modules/axios": {},
    "node_modules/dotenv": {},
    "node_modules/fs-extra": {},
    "node_modules/telegraf": {}
  },
  "dependencies": {
    "@supabase/supabase-js": {},
    "axios": {},
    "dotenv": {},
    "fs-extra": {},
    "telegraf": {}
  }
}
